# This file is autogenerated, do not edit; changes may be undone by the next 'dep ensure'.


[[projects]]
  name = "github.com/influxdata/influxdb"
  packages = [
    "client/v2",
    "models",
    "pkg/escape"
  ]
  revision = "89e084a80fb1e0bf5e7d38038e3367f821fdf3d7"
  version = "v1.5.3"

[[projects]]
  name = "github.com/naoina/go-stringutil"
  packages = ["."]
  revision = "6b638e95a32d0c1131db0e7fe83775cbea4a0d0b"
  version = "v0.1.0"

[[projects]]
  name = "github.com/naoina/toml"
  packages = [
    ".",
    "ast"
  ]
  revision = "e6f5723bf2a66af014955e0888881314cf294129"
  version = "v0.1.1"

[[projects]]
  branch = "master"
  name = "github.com/sumaig/toolkits"
  packages = ["consistent"]
  revision = "8526a0509198a76b136d23d833e59a145a5ee182"

[solve-meta]
  analyzer-name = "dep"
  analyzer-version = 1
  inputs-digest = "5674e7550e85d1bfb2873867b799b36d57239e75ab3a7f61f5cbc16ea5f38a47"
  solver-name = "gps-cdcl"
  solver-version = 1
